// !$*UTF8*$!
{
	archiveVersion = 1;
	classes = {
	};
	objectVersion = 46;
	objects = {

/* Begin PBXBuildFile section */
		030E479B1BFCADA5000E7355 /* AppDelegate.swift in Sources */ = {isa = PBXBuildFile; fileRef = 030E479A1BFCADA5000E7355 /* AppDelegate.swift */; };
		030E479D1BFCADA5000E7355 /* Document.swift in Sources */ = {isa = PBXBuildFile; fileRef = 030E479C1BFCADA5000E7355 /* Document.swift */; };
		030E47A01BFCADA5000E7355 /* Document.xib in Resources */ = {isa = PBXBuildFile; fileRef = 030E479E1BFCADA5000E7355 /* Document.xib */; };
		030E47A21BFCADA5000E7355 /* Assets.xcassets in Resources */ = {isa = PBXBuildFile; fileRef = 030E47A11BFCADA5000E7355 /* Assets.xcassets */; };
		030E47A51BFCADA5000E7355 /* MainMenu.xib in Resources */ = {isa = PBXBuildFile; fileRef = 030E47A31BFCADA5000E7355 /* MainMenu.xib */; };
		030E47AD1BFCADB2000E7355 /* symbolicatecrash.pl in Resources */ = {isa = PBXBuildFile; fileRef = 030E47AC1BFCADB2000E7355 /* symbolicatecrash.pl */; };
/* End PBXBuildFile section */

/* Begin PBXFileReference section */
		030E47971BFCADA5000E7355 /* CrashReports.app */ = {isa = PBXFileReference; explicitFileType = wrapper.application; includeInIndex = 0; path = CrashReports.app; sourceTree = BUILT_PRODUCTS_DIR; };
		030E479A1BFCADA5000E7355 /* AppDelegate.swift */ = {isa = PBXFileReference; lastKnownFileType = sourcecode.swift; path = AppDelegate.swift; sourceTree = "<group>"; };
		030E479C1BFCADA5000E7355 /* Document.swift */ = {isa = PBXFileReference; lastKnownFileType = sourcecode.swift; path = Document.swift; sourceTree = "<group>"; };
		030E479F1BFCADA5000E7355 /* Base */ = {isa = PBXFileReference; lastKnownFileType = file.xib; name = Base; path = Base.lproj/Document.xib; sourceTree = "<group>"; };
		030E47A11BFCADA5000E7355 /* Assets.xcassets */ = {isa = PBXFileReference; lastKnownFileType = folder.assetcatalog; path = Assets.xcassets; sourceTree = "<group>"; };
		030E47A41BFCADA5000E7355 /* Base */ = {isa = PBXFileReference; lastKnownFileType = file.xib; name = Base; path = Base.lproj/MainMenu.xib; sourceTree = "<group>"; };
		030E47A61BFCADA5000E7355 /* Info.plist */ = {isa = PBXFileReference; lastKnownFileType = text.plist.xml; path = Info.plist; sourceTree = "<group>"; };
		030E47AC1BFCADB2000E7355 /* symbolicatecrash.pl */ = {isa = PBXFileReference; fileEncoding = 4; lastKnownFileType = text.script.perl; path = symbolicatecrash.pl; sourceTree = "<group>"; };
/* End PBXFileReference section */

/* Begin PBXFrameworksBuildPhase section */
		030E47941BFCADA5000E7355 /* Frameworks */ = {
			isa = PBXFrameworksBuildPhase;
			buildActionMask = 2147483647;
			files = (
			);
			runOnlyForDeploymentPostprocessing = 0;
		};
/* End PBXFrameworksBuildPhase section */

/* Begin PBXGroup section */
		030E478E1BFCADA5000E7355 = {
			isa = PBXGroup;
			children = (
				030E47AC1BFCADB2000E7355 /* symbolicatecrash.pl */,
				030E47991BFCADA5000E7355 /* CrashReports */,
				030E47981BFCADA5000E7355 /* Products */,
			);
			sourceTree = "<group>";
		};
		030E47981BFCADA5000E7355 /* Products */ = {
			isa = PBXGroup;
			children = (
				030E47971BFCADA5000E7355 /* CrashReports.app */,
			);
			name = Products;
			sourceTree = "<group>";
		};
		030E47991BFCADA5000E7355 /* CrashReports */ = {
			isa = PBXGroup;
			children = (
				030E479A1BFCADA5000E7355 /* AppDelegate.swift */,
				030E479C1BFCADA5000E7355 /* Document.swift */,
				030E479E1BFCADA5000E7355 /* Document.xib */,
				030E47A11BFCADA5000E7355 /* Assets.xcassets */,
				030E47A31BFCADA5000E7355 /* MainMenu.xib */,
				030E47A61BFCADA5000E7355 /* Info.plist */,
			);
			path = CrashReports;
			sourceTree = "<group>";
		};
/* End PBXGroup section */

/* Begin PBXNativeTarget section */
		030E47961BFCADA5000E7355 /* CrashReports */ = {
			isa = PBXNativeTarget;
			buildConfigurationList = 030E47A91BFCADA5000E7355 /* Build configuration list for PBXNativeTarget "CrashReports" */;
			buildPhases = (
				030E47931BFCADA5000E7355 /* Sources */,
				030E47941BFCADA5000E7355 /* Frameworks */,
				030E47951BFCADA5000E7355 /* Resources */,
			);
			buildRules = (
			);
			dependencies = (
			);
			name = CrashReports;
			productName = CrashReports;
			productReference = 030E47971BFCADA5000E7355 /* CrashReports.app */;
			productType = "com.apple.product-type.application";
		};
/* End PBXNativeTarget section */

/* Begin PBXProject section */
		030E478F1BFCADA5000E7355 /* Project object */ = {
			isa = PBXProject;
			attributes = {
				LastSwiftUpdateCheck = 0710;
				LastUpgradeCheck = 0710;
				ORGANIZATIONNAME = seriot.ch;
				TargetAttributes = {
					030E47961BFCADA5000E7355 = {
						CreatedOnToolsVersion = 7.1;
						LastSwiftMigration = 0800;
					};
				};
			};
			buildConfigurationList = 030E47921BFCADA5000E7355 /* Build configuration list for PBXProject "CrashReports" */;
			compatibilityVersion = "Xcode 3.2";
			developmentRegion = English;
			hasScannedForEncodings = 0;
			knownRegions = (
				en,
				Base,
			);
			mainGroup = 030E478E1BFCADA5000E7355;
			productRefGroup = 030E47981BFCADA5000E7355 /* Products */;
			projectDirPath = "";
			projectRoot = "";
			targets = (
				030E47961BFCADA5000E7355 /* CrashReports */,
			);
		};
/* End PBXProject section */

/* Begin PBXResourcesBuildPhase section */
		030E47951BFCADA5000E7355 /* Resources */ = {
			isa = PBXResourcesBuildPhase;
			buildActionMask = 2147483647;
			files = (
				030E47A21BFCADA5000E7355 /* Assets.xcassets in Resources */,
				030E47A01BFCADA5000E7355 /* Document.xib in Resources */,
				030E47AD1BFCADB2000E7355 /* symbolicatecrash.pl in Resources */,
				030E47A51BFCADA5000E7355 /* MainMenu.xib in Resources */,
			);
			runOnlyForDeploymentPostprocessing = 0;
		};
/* End PBXResourcesBuildPhase section */

/* Begin PBXSourcesBuildPhase section */
		030E47931BFCADA5000E7355 /* Sources */ = {
			isa = PBXSourcesBuildPhase;
			buildActionMask = 2147483647;
			files = (
				030E479D1BFCADA5000E7355 /* Document.swift in Sources */,
				030E479B1BFCADA5000E7355 /* AppDelegate.swift in Sources */,
			);
			runOnlyForDeploymentPostprocessing = 0;
		};
/* End PBXSourcesBuildPhase section */

/* Begin PBXVariantGroup section */
		030E479E1BFCADA5000E7355 /* Document.xib */ = {
			isa = PBXVariantGroup;
			children = (
				030E479F1BFCADA5000E7355 /* Base */,
			);
			name = Document.xib;
			sourceTree = "<group>";
		};
		030E47A31BFCADA5000E7355 /* MainMenu.xib */ = {
			isa = PBXVariantGroup;
			children = (
				030E47A41BFCADA5000E7355 /* Base */,
			);
			name = MainMenu.xib;
			sourceTree = "<group>";
		};
/* End PBXVariantGroup section */

/* Begin XCBuildConfiguration section */
		030E47A71BFCADA5000E7355 /* Debug */ = {
			isa = XCBuildConfiguration;
			buildSettings = {
				ALWAYS_SEARCH_USER_PATHS = NO;
				CLANG_CXX_LANGUAGE_STANDARD = "gnu++0x";
				CLANG_CXX_LIBRARY = "libc++";
				CLANG_ENABLE_MODULES = YES;
				CLANG_ENABLE_OBJC_ARC = YES;
				CLANG_WARN_BOOL_CONVERSION = YES;
				CLANG_WARN_CONSTANT_CONVERSION = YES;
				CLANG_WARN_DIRECT_OBJC_ISA_USAGE = YES_ERROR;
				CLANG_WARN_EMPTY_BODY = YES;
				CLANG_WARN_ENUM_CONVERSION = YES;
				CLANG_WARN_INT_CONVERSION = YES;
				CLANG_WARN_OBJC_ROOT_CLASS = YES_ERROR;
				CLANG_WARN_UNREACHABLE_CODE = YES;
				CLANG_WARN__DUPLICATE_METHOD_MATCH = YES;
				CODE_SIGN_IDENTITY = "-";
				COPY_PHASE_STRIP = NO;
				DEBUG_INFORMATION_FORMAT = dwarf;
				ENABLE_STRICT_OBJC_MSGSEND = YES;
				ENABLE_TESTABILITY = YES;
				GCC_C_LANGUAGE_STANDARD = gnu99;
				GCC_DYNAMIC_NO_PIC = NO;
				GCC_NO_COMMON_BLOCKS = YES;
				GCC_OPTIMIZATION_LEVEL = 0;
				GCC_PREPROCESSOR_DEFINITIONS = (
					"DEBUG=1",
					"$(inherited)",
				);
				GCC_WARN_64_TO_32_BIT_CONVERSION = YES;
				GCC_WARN_ABOUT_RETURN_TYPE = YES_ERROR;
				GCC_WARN_UNDECLARED_SELECTOR = YES;
				GCC_WARN_UNINITIALIZED_AUTOS = YES_AGGRESSIVE;
				GCC_WARN_UNUSED_FUNCTION = YES;
				GCC_WARN_UNUSED_VARIABLE = YES;
				MACOSX_DEPLOYMENT_TARGET = 10.11;
				MTL_ENABLE_DEBUG_INFO = YES;
				ONLY_ACTIVE_ARCH = YES;
				SDKROOT = macosx;
				SWIFT_OPTIMIZATION_LEVEL = "-Onone";
			};
			name = Debug;
		};
		030E47A81BFCADA5000E7355 /* Release */ = {
			isa = XCBuildConfiguration;
			buildSettings = {
				ALWAYS_SEARCH_USER_PATHS = NO;
				CLANG_CXX_LANGUAGE_STANDARD = "gnu++0x";
				CLANG_CXX_LIBRARY = "libc++";
				CLANG_ENABLE_MODULES = YES;
				CLANG_ENABLE_OBJC_ARC = YES;
				CLANG_WARN_BOOL_CONVERSION = YES;
				CLANG_WARN_CONSTANT_CONVERSION = YES;
				CLANG_WARN_DIRECT_OBJC_ISA_USAGE = YES_ERROR;
				CLANG_WARN_EMPTY_BODY = YES;
				CLANG_WARN_ENUM_CONVERSION = YES;
				CLANG_WARN_INT_CONVERSION = YES;
				CLANG_WARN_OBJC_ROOT_CLASS = YES_ERROR;
				CLANG_WARN_UNREACHABLE_CODE = YES;
				CLANG_WARN__DUPLICATE_METHOD_MATCH = YES;
				CODE_SIGN_IDENTITY = "-";
				COPY_PHASE_STRIP = NO;
				DEBUG_INFORMATION_FORMAT = "dwarf-with-dsym";
				ENABLE_NS_ASSERTIONS = NO;
				ENABLE_STRICT_OBJC_MSGSEND = YES;
				GCC_C_LANGUAGE_STANDARD = gnu99;
				GCC_NO_COMMON_BLOCKS = YES;
				GCC_WARN_64_TO_32_BIT_CONVERSION = YES;
				GCC_WARN_ABOUT_RETURN_TYPE = YES_ERROR;
				GCC_WARN_UNDECLARED_SELECTOR = YES;
				GCC_WARN_UNINITIALIZED_AUTOS = YES_AGGRESSIVE;
				GCC_WARN_UNUSED_FUNCTION = YES;
				GCC_WARN_UNUSED_VARIABLE = YES;
				MACOSX_DEPLOYMENT_TARGET = 10.11;
				MTL_ENABLE_DEBUG_INFO = NO;
				SDKROOT = macosx;
			};
			name = Release;
		};
		030E47AA1BFCADA5000E7355 /* Debug */ = {
			isa = XCBuildConfiguration;
			buildSettings = {
				ASSETCATALOG_COMPILER_APPICON_NAME = AppIcon;
				COMBINE_HIDPI_IMAGES = YES;
				INFOPLIST_FILE = CrashReports/Info.plist;
				LD_RUNPATH_SEARCH_PATHS = "$(inherited) @executable_path/../Frameworks";
				PRODUCT_BUNDLE_IDENTIFIER = ch.seriot.CrashReports;
				PRODUCT_NAME = "$(TARGET_NAME)";
				SWIFT_VERSION = 3.0;
			};
			name = Debug;
		};
		030E47AB1BFCADA5000E7355 /* Release */ = {
			isa = XCBuildConfiguration;
			buildSettings = {
				ASSETCATALOG_COMPILER_APPICON_NAME = AppIcon;
				COMBINE_HIDPI_IMAGES = YES;
				INFOPLIST_FILE = CrashReports/Info.plist;
				LD_RUNPATH_SEARCH_PATHS = "$(inherited) @executable_path/../Frameworks";
				PRODUCT_BUNDLE_IDENTIFIER = ch.seriot.CrashReports;
				PRODUCT_NAME = "$(TARGET_NAME)";
				SWIFT_VERSION = 3.0;
			};
			name = Release;
		};
/* End XCBuildConfiguration section */

/* Begin XCConfigurationList section */
		030E47921BFCADA5000E7355 /* Build configuration list for PBXProject "CrashReports" */ = {
			isa = XCConfigurationList;
			buildConfigurations = (
				030E47A71BFCADA5000E7355 /* Debug */,
				030E47A81BFCADA5000E7355 /* Release */,
			);
			defaultConfigurationIsVisible = 0;
			defaultConfigurationName = Release;
		};
		030E47A91BFCADA5000E7355 /* Build configuration list for PBXNativeTarget "CrashReports" */ = {
			isa = XCConfigurationList;
			buildConfigurations = (
				030E47AA1BFCADA5000E7355 /* Debug */,
				030E47AB1BFCADA5000E7355 /* Release */,
			);
			defaultConfigurationIsVisible = 0;
			defaultConfigurationName = Release;
		};
/* End XCConfigurationList section */
	};
	rootObject = 030E478F1BFCADA5000E7355 /* Project object */;
}
